
Microsoft Visual Studio Solution File, Format Version 12.00
# Visual Studio Version 16
VisualStudioVersion = 16.0.31515.178
MinimumVisualStudioVersion = 10.0.40219.1
Project("{FAE04EC0-301F-11D3-BF4B-00C04F79EFBC}") = "BankApp.WebApi", "BankApp.WebApi\BankApp.WebApi.csproj", "{B4BCE002-BF4D-4774-9D4B-965ED07C5E4A}"
EndProject
Project("{FAE04EC0-301F-11D3-BF4B-00C04F79EFBC}") = "BankApp.DB", "BankApp.DB\BankApp.DB.csproj", "{2F84840E-10EC-45F0-B0C1-C0196E2B0A37}"
EndProject
Project("{FAE04EC0-301F-11D3-BF4B-00C04F79EFBC}") = "BankApp.Core", "BankApp.Core\BankApp.Core.csproj", "{5AE36322-A903-439C-B122-23A42D7116C9}"
EndProject
Global
	GlobalSection(SolutionConfigurationPlatforms) = preSolution
		Debug|Any CPU = Debug|Any CPU
		Release|Any CPU = Release|Any CPU
	EndGlobalSection
	GlobalSection(ProjectConfigurationPlatforms) = postSolution
		{B4BCE002-BF4D-4774-9D4B-965ED07C5E4A}.Debug|Any CPU.ActiveCfg = Debug|Any CPU
		{B4BCE002-BF4D-4774-9D4B-965ED07C5E4A}.Debug|Any CPU.Build.0 = Debug|Any CPU
		{B4BCE002-BF4D-4774-9D4B-965ED07C5E4A}.Release|Any CPU.ActiveCfg = Release|Any CPU
		{B4BCE002-BF4D-4774-9D4B-965ED07C5E4A}.Release|Any CPU.Build.0 = Release|Any CPU
		{2F84840E-10EC-45F0-B0C1-C0196E2B0A37}.Debug|Any CPU.ActiveCfg = Debug|Any CPU
		{2F84840E-10EC-45F0-B0C1-C0196E2B0A37}.Debug|Any CPU.Build.0 = Debug|Any CPU
		{2F84840E-10EC-45F0-B0C1-C0196E2B0A37}.Release|Any CPU.ActiveCfg = Release|Any CPU
		{2F84840E-10EC-45F0-B0C1-C0196E2B0A37}.Release|Any CPU.Build.0 = Release|Any CPU
		{5AE36322-A903-439C-B122-23A42D7116C9}.Debug|Any CPU.ActiveCfg = Debug|Any CPU
		{5AE36322-A903-439C-B122-23A42D7116C9}.Debug|Any CPU.Build.0 = Debug|Any CPU
		{5AE36322-A903-439C-B122-23A42D7116C9}.Release|Any CPU.ActiveCfg = Release|Any CPU
		{5AE36322-A903-439C-B122-23A42D7116C9}.Release|Any CPU.Build.0 = Release|Any CPU
	EndGlobalSection
	GlobalSection(SolutionProperties) = preSolution
		HideSolutionNode = FALSE
	EndGlobalSection
	GlobalSection(ExtensibilityGlobals) = postSolution
		SolutionGuid = {603CFA5D-4E8B-43D1-A2F9-B7DFD0EA9745}
	EndGlobalSection
EndGlobal
